
Microsoft Visual Studio Solution File, Format Version 12.00
# Visual Studio Version 17
VisualStudioVersion = 17.0.31612.314
MinimumVisualStudioVersion = 10.0.40219.1
Project("{FAE04EC0-301F-11D3-BF4B-00C04F79EFBC}") = "NotificationMaster", "NotificationMaster\NotificationMaster.csproj", "{27E0D6AC-610F-4E65-8336-651803FDBB3B}"
EndProject
Global
	GlobalSection(SolutionConfigurationPlatforms) = preSolution
		Debug|Any CPU = Debug|Any CPU
		Release|Any CPU = Release|Any CPU
	EndGlobalSection
	GlobalSection(ProjectConfigurationPlatforms) = postSolution
		{27E0D6AC-610F-4E65-8336-651803FDBB3B}.Debug|Any CPU.ActiveCfg = Debug|Any CPU
		{27E0D6AC-610F-4E65-8336-651803FDBB3B}.Debug|Any CPU.Build.0 = Debug|Any CPU
		{27E0D6AC-610F-4E65-8336-651803FDBB3B}.Release|Any CPU.ActiveCfg = Release|x64
		{27E0D6AC-610F-4E65-8336-651803FDBB3B}.Release|Any CPU.Build.0 = Release|x64
	EndGlobalSection
	GlobalSection(SolutionProperties) = preSolution
		HideSolutionNode = FALSE
	EndGlobalSection
	GlobalSection(ExtensibilityGlobals) = postSolution
		SolutionGuid = {DB69F2B4-EB94-49D8-BF6B-5FB47B88CD89}
	EndGlobalSection
EndGlobal
