
Microsoft Visual Studio Solution File, Format Version 12.00
# Visual Studio Version 17
VisualStudioVersion = 17.3.32721.290
MinimumVisualStudioVersion = 10.0.40219.1
Project("{9A19103F-16F7-4668-BE54-9A1E7A4F7556}") = "NotificationMaster", "NotificationMaster\NotificationMaster.csproj", "{27E0D6AC-610F-4E65-8336-651803FDBB3B}"
EndProject
Project("{9A19103F-16F7-4668-BE54-9A1E7A4F7556}") = "ECommons", "ECommons\ECommons\ECommons.csproj", "{51D9CC7C-2E31-4D68-9E75-FC68216AA39B}"
EndProject
Global
	GlobalSection(SolutionConfigurationPlatforms) = preSolution
		Debug|Any CPU = Debug|Any CPU
		Debug|x64 = Debug|x64
		Release|Any CPU = Release|Any CPU
		Release|x64 = Release|x64
	EndGlobalSection
	GlobalSection(ProjectConfigurationPlatforms) = postSolution
		{27E0D6AC-610F-4E65-8336-651803FDBB3B}.Debug|Any CPU.ActiveCfg = Debug|x64
		{27E0D6AC-610F-4E65-8336-651803FDBB3B}.Debug|Any CPU.Build.0 = Debug|x64
		{27E0D6AC-610F-4E65-8336-651803FDBB3B}.Debug|x64.ActiveCfg = Debug|x64
		{27E0D6AC-610F-4E65-8336-651803FDBB3B}.Debug|x64.Build.0 = Debug|x64
		{27E0D6AC-610F-4E65-8336-651803FDBB3B}.Release|Any CPU.ActiveCfg = Release|x64
		{27E0D6AC-610F-4E65-8336-651803FDBB3B}.Release|Any CPU.Build.0 = Release|x64
		{27E0D6AC-610F-4E65-8336-651803FDBB3B}.Release|x64.ActiveCfg = Release|x64
		{27E0D6AC-610F-4E65-8336-651803FDBB3B}.Release|x64.Build.0 = Release|x64
		{51D9CC7C-2E31-4D68-9E75-FC68216AA39B}.Debug|Any CPU.ActiveCfg = Debug|x64
		{51D9CC7C-2E31-4D68-9E75-FC68216AA39B}.Debug|Any CPU.Build.0 = Debug|x64
		{51D9CC7C-2E31-4D68-9E75-FC68216AA39B}.Debug|x64.ActiveCfg = Debug|x64
		{51D9CC7C-2E31-4D68-9E75-FC68216AA39B}.Debug|x64.Build.0 = Debug|x64
		{51D9CC7C-2E31-4D68-9E75-FC68216AA39B}.Release|Any CPU.ActiveCfg = Release|x64
		{51D9CC7C-2E31-4D68-9E75-FC68216AA39B}.Release|Any CPU.Build.0 = Release|x64
		{51D9CC7C-2E31-4D68-9E75-FC68216AA39B}.Release|x64.ActiveCfg = Release|x64
		{51D9CC7C-2E31-4D68-9E75-FC68216AA39B}.Release|x64.Build.0 = Release|x64
	EndGlobalSection
	GlobalSection(SolutionProperties) = preSolution
		HideSolutionNode = FALSE
	EndGlobalSection
	GlobalSection(ExtensibilityGlobals) = postSolution
		SolutionGuid = {DB69F2B4-EB94-49D8-BF6B-5FB47B88CD89}
	EndGlobalSection
EndGlobal
