{
  "version": 1,
  "dependencies": {
    "net10.0-windows7.0": {
      "DalamudPackager": {
        "type": "Direct",
        "requested": "[14.0.1, )",
        "resolved": "14.0.1",
        "contentHash": "y0WWyUE6dhpGdolK3iKgwys05/nZaVf4ZPtIjpLhJBZvHxkkiE23zYRo7K7uqAgoK/QvK5cqF6l3VG5AbgC6KA=="
      },
      "ECommons": {
        "type": "Direct",
        "requested": "[3.1.0.10, )",
        "resolved": "3.1.0.10",
        "contentHash": "afgAdXz9ykESACvgssr9PXsPb8i7ZwSyqw58IGzgURUxkH8Hm1qIxwzybLDE5Eo8BXr4nESGqcRqEpbviH4/3g=="
      },
      "notificationmasterapi": {
        "type": "Project"
      }
    }
  }
}