{
  "version": 1,
  "dependencies": {
    "net10.0-windows7.0": {
      "DalamudPackager": {
        "type": "Direct",
        "requested": "[15.0.0, )",
        "resolved": "15.0.0",
        "contentHash": "411vwC8/X8Z/sQ2TI6v3SvOn66xFPeOjFn3Zn+h0d3Ox2t1kFm66AhDvmx/qcMwVrR+Hidxj0dadpQ2dgyXMBQ=="
      },
      "ECommons": {
        "type": "Direct",
        "requested": "[3.2.0.18, )",
        "resolved": "3.2.0.18",
        "contentHash": "esPIjfuveuw05c4PI7gqpRcifaUaUZ9sf7JnN90CBM1Ah2emxTBrKQl6A+ghHobwQOOe+yflN03TJnv32NEkVw=="
      },
      "notificationmasterapi": {
        "type": "Project"
      }
    }
  }
}