{
  "version": 1,
  "dependencies": {
    "net6.0-windows7.0": {
      "DalamudPackager": {
        "type": "Direct",
        "requested": "[2.1.7, )",
        "resolved": "2.1.7",
        "contentHash": "jnZ/sdInyn07ycuWI+pPOtP/xE3v+c4+jYJfDt36FWnBF9NKqkpzfviJtPl/jGLgbaCmFIXu+Yid0N8GvdKefg=="
      },
      "NAudio": {
        "type": "Direct",
        "requested": "[2.0.1, )",
        "resolved": "2.0.1",
        "contentHash": "QTbkeWOC9IBRiq2rvyFnm47ro4HYZQXJQMrhgAD1BwbkUzH+NMt+2ayLDnAJNJQu6V69Of6KZSYyDfU2Pr+dzQ==",
        "dependencies": {
          "NAudio.Asio": "2.0.0",
          "NAudio.Core": "2.0.0",
          "NAudio.Midi": "2.0.1",
          "NAudio.Wasapi": "2.0.0",
          "NAudio.WinForms": "2.0.1",
          "NAudio.WinMM": "2.0.1"
        }
      },
      "Microsoft.NETCore.Platforms": {
        "type": "Transitive",
        "resolved": "3.1.0",
        "contentHash": "z7aeg8oHln2CuNulfhiLYxCVMPEwBl3rzicjvIX+4sUuCwvXw5oXQEtbiU2c0z4qYL5L3Kmx0mMA/+t/SbY67w=="
      },
      "Microsoft.Win32.Registry": {
        "type": "Transitive",
        "resolved": "4.7.0",
        "contentHash": "KSrRMb5vNi0CWSGG1++id2ZOs/1QhRqROt+qgbEAdQuGjGrFcl4AOl4/exGPUYz2wUnU42nvJqon1T3U0kPXLA==",
        "dependencies": {
          "System.Security.AccessControl": "4.7.0",
          "System.Security.Principal.Windows": "4.7.0"
        }
      },
      "NAudio.Asio": {
        "type": "Transitive",
        "resolved": "2.0.0",
        "contentHash": "/Pd51zAS2L3+MK/dJ5VrInz6ggHUie9j1qCXysXL3Vj53p9A2RxjpIZafuyba2ZdeMKaOMOHXdtkUqFdKqVMQg==",
        "dependencies": {
          "Microsoft.Win32.Registry": "4.7.0",
          "NAudio.Core": "2.0.0"
        }
      },
      "NAudio.Core": {
        "type": "Transitive",
        "resolved": "2.0.0",
        "contentHash": "knmGOIYbzn9ZGkFcVs5d3zEYvi50jVriyEirVtAHjkcDoo2ziK32bZb7KkFARLD4lhCGkqp6uT0+0fc4JIfQcw=="
      },
      "NAudio.Midi": {
        "type": "Transitive",
        "resolved": "2.0.1",
        "contentHash": "A5pQerGAmtNNfSMkGaRacqBJG1xg4bjQE0XaxsO3/rhEE80NLUN6gQm+x/m7ZGbSoPUB5fav2jW3tZkdPadZ7w==",
        "dependencies": {
          "NAudio.Core": "2.0.0"
        }
      },
      "NAudio.Wasapi": {
        "type": "Transitive",
        "resolved": "2.0.0",
        "contentHash": "7ES+jfZyOooBp86gql9BZ/OjKFmGfLaSLCtJagtCYiRGxfauHp4hXyeuwxS2mPLBxBGxBo9oGThN6y3QY+/w/w==",
        "dependencies": {
          "NAudio.Core": "2.0.0"
        }
      },
      "NAudio.WinForms": {
        "type": "Transitive",
        "resolved": "2.0.1",
        "contentHash": "SOyXRsLePAvIWG20OMRHiUkNijme6J28DKBVesmhdfh4i7OKgkvGLN19eT+vPfXr97yhMudULsyYp9Niz8/a+g==",
        "dependencies": {
          "NAudio.WinMM": "2.0.1"
        }
      },
      "NAudio.WinMM": {
        "type": "Transitive",
        "resolved": "2.0.1",
        "contentHash": "i7Da/gCqvwWvETFBRkuwCelSXEK5rPG7pTaqCU9aXFRiO0p7lwHjm/+k2lOWLmRGUJdLm/VSDO6Vknacnb6mSg==",
        "dependencies": {
          "Microsoft.Win32.Registry": "4.7.0",
          "NAudio.Core": "2.0.0"
        }
      },
      "System.Security.AccessControl": {
        "type": "Transitive",
        "resolved": "4.7.0",
        "contentHash": "JECvTt5aFF3WT3gHpfofL2MNNP6v84sxtXxpqhLBCcDRzqsPBmHhQ6shv4DwwN2tRlzsUxtb3G9M3763rbXKDg==",
        "dependencies": {
          "Microsoft.NETCore.Platforms": "3.1.0",
          "System.Security.Principal.Windows": "4.7.0"
        }
      },
      "System.Security.Principal.Windows": {
        "type": "Transitive",
        "resolved": "4.7.0",
        "contentHash": "ojD0PX0XhneCsUbAZVKdb7h/70vyYMDYs85lwEI+LngEONe/17A0cFaRFqZU+sOEidcVswYWikYOQ9PPfjlbtQ=="
      },
      "ecommons": {
        "type": "Project"
      }
    }
  }
}